
Microsoft Visual Studio Solution File, Format Version 12.00
# Visual Studio Version 17
VisualStudioVersion = 17.9.34607.119
MinimumVisualStudioVersion = 10.0.40219.1
Project("{9A19103F-16F7-4668-BE54-9A1E7A4F7556}") = "MauiDayNight", "MauiDayNight\MauiDayNight.csproj", "{CA5F1687-749D-4669-AE67-34D91724D8BB}"
EndProject
Global
	GlobalSection(SolutionConfigurationPlatforms) = preSolution
		Debug|Any CPU = Debug|Any CPU
		Release|Any CPU = Release|Any CPU
	EndGlobalSection
	GlobalSection(ProjectConfigurationPlatforms) = postSolution
		{CA5F1687-749D-4669-AE67-34D91724D8BB}.Debug|Any CPU.ActiveCfg = Debug|Any CPU
		{CA5F1687-749D-4669-AE67-34D91724D8BB}.Debug|Any CPU.Build.0 = Debug|Any CPU
		{CA5F1687-749D-4669-AE67-34D91724D8BB}.Debug|Any CPU.Deploy.0 = Debug|Any CPU
		{CA5F1687-749D-4669-AE67-34D91724D8BB}.Release|Any CPU.ActiveCfg = Release|Any CPU
		{CA5F1687-749D-4669-AE67-34D91724D8BB}.Release|Any CPU.Build.0 = Release|Any CPU
		{CA5F1687-749D-4669-AE67-34D91724D8BB}.Release|Any CPU.Deploy.0 = Release|Any CPU
	EndGlobalSection
	GlobalSection(SolutionProperties) = preSolution
		HideSolutionNode = FALSE
	EndGlobalSection
	GlobalSection(ExtensibilityGlobals) = postSolution
		SolutionGuid = {C8147EDF-8F58-43CE-B3A9-CFDA178CD991}
	EndGlobalSection
EndGlobal
